
Microsoft Visual Studio Solution File, Format Version 12.00
# Visual Studio Version 17
VisualStudioVersion = 17.2.32317.152
MinimumVisualStudioVersion = 10.0.40219.1
Project("{FAE04EC0-301F-11D3-BF4B-00C04F79EFBC}") = "CMS.API", "CMS.API\CMS.API.csproj", "{1759075F-810B-443C-A0F1-7F0AB78137E7}"
EndProject
Global
	GlobalSection(SolutionConfigurationPlatforms) = preSolution
		Debug|Any CPU = Debug|Any CPU
		Release|Any CPU = Release|Any CPU
	EndGlobalSection
	GlobalSection(ProjectConfigurationPlatforms) = postSolution
		{1759075F-810B-443C-A0F1-7F0AB78137E7}.Debug|Any CPU.ActiveCfg = Debug|Any CPU
		{1759075F-810B-443C-A0F1-7F0AB78137E7}.Debug|Any CPU.Build.0 = Debug|Any CPU
		{1759075F-810B-443C-A0F1-7F0AB78137E7}.Release|Any CPU.ActiveCfg = Release|Any CPU
		{1759075F-810B-443C-A0F1-7F0AB78137E7}.Release|Any CPU.Build.0 = Release|Any CPU
	EndGlobalSection
	GlobalSection(SolutionProperties) = preSolution
		HideSolutionNode = FALSE
	EndGlobalSection
	GlobalSection(ExtensibilityGlobals) = postSolution
		SolutionGuid = {CB2BDC60-7BAE-4D47-89C6-58709F1CD79F}
	EndGlobalSection
EndGlobal
